
Microsoft Visual Studio Solution File, Format Version 12.00
# Visual Studio Version 17
VisualStudioVersion = 17.12.35527.113
MinimumVisualStudioVersion = 10.0.40219.1
Project("{9A19103F-16F7-4668-BE54-9A1E7A4F7556}") = "Transform", "Transform\Transform.csproj", "{8A06500B-6CDB-4B49-A263-18F1E8018342}"
EndProject
Project("{9A19103F-16F7-4668-BE54-9A1E7A4F7556}") = "Load", "Load\Load.csproj", "{8E8A9CD6-C857-4127-AFC0-CF04EC575BA5}"
EndProject
Project("{9A19103F-16F7-4668-BE54-9A1E7A4F7556}") = "ExtractAPI", "ExtractAPI\ExtractAPI.csproj", "{85738107-622D-46C9-A720-8E74F597C01B}"
EndProject
Project("{9A19103F-16F7-4668-BE54-9A1E7A4F7556}") = "ETL.Domain", "ETL.Domain\ETL.Domain.csproj", "{CDECC3B5-D138-4695-8C33-6D3ACB173759}"
EndProject
Project("{2150E333-8FDC-42A3-9474-1A3956D46DE8}") = "Solution Items", "Solution Items", "{AC6F1D42-0E6B-40A8-99DB-EAF361481D56}"
	ProjectSection(SolutionItems) = preProject
		create-topics.ps1 = create-topics.ps1
		docker-compose.yml = docker-compose.yml
		message.json = message.json
	EndProjectSection
EndProject
Project("{9A19103F-16F7-4668-BE54-9A1E7A4F7556}") = "Test", "Test\Test.csproj", "{44B7745D-C2D4-47AA-99FC-6C450973D28B}"
EndProject
Project("{9A19103F-16F7-4668-BE54-9A1E7A4F7556}") = "Benchmark", "Benchmark\Benchmark.csproj", "{6BB5AD79-B3AF-44CF-B464-61A718A4E723}"
EndProject
Project("{9A19103F-16F7-4668-BE54-9A1E7A4F7556}") = "ETLConfig.API", "ETLConfig.API\ETLConfig.API.csproj", "{31A8F188-2618-44BE-9792-DAA9B025C820}"
EndProject
Global
	GlobalSection(SolutionConfigurationPlatforms) = preSolution
		Debug|Any CPU = Debug|Any CPU
		Release|Any CPU = Release|Any CPU
	EndGlobalSection
	GlobalSection(ProjectConfigurationPlatforms) = postSolution
		{8A06500B-6CDB-4B49-A263-18F1E8018342}.Debug|Any CPU.ActiveCfg = Debug|Any CPU
		{8A06500B-6CDB-4B49-A263-18F1E8018342}.Debug|Any CPU.Build.0 = Debug|Any CPU
		{8A06500B-6CDB-4B49-A263-18F1E8018342}.Release|Any CPU.ActiveCfg = Release|Any CPU
		{8A06500B-6CDB-4B49-A263-18F1E8018342}.Release|Any CPU.Build.0 = Release|Any CPU
		{8E8A9CD6-C857-4127-AFC0-CF04EC575BA5}.Debug|Any CPU.ActiveCfg = Debug|Any CPU
		{8E8A9CD6-C857-4127-AFC0-CF04EC575BA5}.Debug|Any CPU.Build.0 = Debug|Any CPU
		{8E8A9CD6-C857-4127-AFC0-CF04EC575BA5}.Release|Any CPU.ActiveCfg = Release|Any CPU
		{8E8A9CD6-C857-4127-AFC0-CF04EC575BA5}.Release|Any CPU.Build.0 = Release|Any CPU
		{85738107-622D-46C9-A720-8E74F597C01B}.Debug|Any CPU.ActiveCfg = Debug|Any CPU
		{85738107-622D-46C9-A720-8E74F597C01B}.Debug|Any CPU.Build.0 = Debug|Any CPU
		{85738107-622D-46C9-A720-8E74F597C01B}.Release|Any CPU.ActiveCfg = Release|Any CPU
		{85738107-622D-46C9-A720-8E74F597C01B}.Release|Any CPU.Build.0 = Release|Any CPU
		{CDECC3B5-D138-4695-8C33-6D3ACB173759}.Debug|Any CPU.ActiveCfg = Debug|Any CPU
		{CDECC3B5-D138-4695-8C33-6D3ACB173759}.Debug|Any CPU.Build.0 = Debug|Any CPU
		{CDECC3B5-D138-4695-8C33-6D3ACB173759}.Release|Any CPU.ActiveCfg = Release|Any CPU
		{CDECC3B5-D138-4695-8C33-6D3ACB173759}.Release|Any CPU.Build.0 = Release|Any CPU
		{44B7745D-C2D4-47AA-99FC-6C450973D28B}.Debug|Any CPU.ActiveCfg = Debug|Any CPU
		{44B7745D-C2D4-47AA-99FC-6C450973D28B}.Debug|Any CPU.Build.0 = Debug|Any CPU
		{44B7745D-C2D4-47AA-99FC-6C450973D28B}.Release|Any CPU.ActiveCfg = Release|Any CPU
		{44B7745D-C2D4-47AA-99FC-6C450973D28B}.Release|Any CPU.Build.0 = Release|Any CPU
		{6BB5AD79-B3AF-44CF-B464-61A718A4E723}.Debug|Any CPU.ActiveCfg = Debug|Any CPU
		{6BB5AD79-B3AF-44CF-B464-61A718A4E723}.Debug|Any CPU.Build.0 = Debug|Any CPU
		{6BB5AD79-B3AF-44CF-B464-61A718A4E723}.Release|Any CPU.ActiveCfg = Release|Any CPU
		{6BB5AD79-B3AF-44CF-B464-61A718A4E723}.Release|Any CPU.Build.0 = Release|Any CPU
		{31A8F188-2618-44BE-9792-DAA9B025C820}.Debug|Any CPU.ActiveCfg = Debug|Any CPU
		{31A8F188-2618-44BE-9792-DAA9B025C820}.Debug|Any CPU.Build.0 = Debug|Any CPU
		{31A8F188-2618-44BE-9792-DAA9B025C820}.Release|Any CPU.ActiveCfg = Release|Any CPU
		{31A8F188-2618-44BE-9792-DAA9B025C820}.Release|Any CPU.Build.0 = Release|Any CPU
	EndGlobalSection
	GlobalSection(SolutionProperties) = preSolution
		HideSolutionNode = FALSE
	EndGlobalSection
	GlobalSection(NestedProjects) = preSolution
		{6BB5AD79-B3AF-44CF-B464-61A718A4E723} = {AC6F1D42-0E6B-40A8-99DB-EAF361481D56}
	EndGlobalSection
	GlobalSection(ExtensibilityGlobals) = postSolution
		SolutionGuid = {F8141F32-D37D-4911-A6EE-8498DC25FC3D}
	EndGlobalSection
EndGlobal
